
Microsoft Visual Studio Solution File, Format Version 12.00
# Visual Studio 15
VisualStudioVersion = 15.0.27004.2010
MinimumVisualStudioVersion = 10.0.40219.1
Project("{9A19103F-16F7-4668-BE54-9A1E7A4F7556}") = "Loaner", "Loaner\Loaner.csproj", "{2A6A3B37-3FB9-4D0D-8D2E-4DAE76605BBC}"
EndProject
Project("{9A19103F-16F7-4668-BE54-9A1E7A4F7556}") = "Lighthouse.NetCoreApp", "Lighthouse.NetCoreApp\Lighthouse.NetCoreApp.csproj", "{26DD5ACB-4ACA-48BC-9EB6-3175949DF2C8}"
EndProject
Global
	GlobalSection(SolutionConfigurationPlatforms) = preSolution
		Debug|Any CPU = Debug|Any CPU
		Release|Any CPU = Release|Any CPU
	EndGlobalSection
	GlobalSection(ProjectConfigurationPlatforms) = postSolution
		{2A6A3B37-3FB9-4D0D-8D2E-4DAE76605BBC}.Debug|Any CPU.ActiveCfg = Debug|Any CPU
		{2A6A3B37-3FB9-4D0D-8D2E-4DAE76605BBC}.Debug|Any CPU.Build.0 = Debug|Any CPU
		{2A6A3B37-3FB9-4D0D-8D2E-4DAE76605BBC}.Release|Any CPU.ActiveCfg = Release|Any CPU
		{2A6A3B37-3FB9-4D0D-8D2E-4DAE76605BBC}.Release|Any CPU.Build.0 = Release|Any CPU
		{26DD5ACB-4ACA-48BC-9EB6-3175949DF2C8}.Debug|Any CPU.ActiveCfg = Debug|Any CPU
		{26DD5ACB-4ACA-48BC-9EB6-3175949DF2C8}.Debug|Any CPU.Build.0 = Debug|Any CPU
		{26DD5ACB-4ACA-48BC-9EB6-3175949DF2C8}.Release|Any CPU.ActiveCfg = Release|Any CPU
		{26DD5ACB-4ACA-48BC-9EB6-3175949DF2C8}.Release|Any CPU.Build.0 = Release|Any CPU
	EndGlobalSection
	GlobalSection(SolutionProperties) = preSolution
		HideSolutionNode = FALSE
	EndGlobalSection
	GlobalSection(ExtensibilityGlobals) = postSolution
		SolutionGuid = {61F95DEB-5FD3-4E35-BBD6-C5A0A6A280A0}
	EndGlobalSection
EndGlobal
